
Microsoft Visual Studio Solution File, Format Version 12.00
# Visual Studio Version 16
VisualStudioVersion = 16.0.31005.135
MinimumVisualStudioVersion = 10.0.40219.1
Project("{9A19103F-16F7-4668-BE54-9A1E7A4F7556}") = "DNXtensions", "DNXtensions\DNXtensions.csproj", "{EE5AD8A1-1E91-43C9-8382-3037D433F9F0}"
EndProject
Project("{9A19103F-16F7-4668-BE54-9A1E7A4F7556}") = "DNXtensionsTests", "DNXtensionsTests\DNXtensionsTests.csproj", "{24CAD5F7-BD65-4903-894A-EBDC9F4FC62C}"
EndProject
Project("{FAE04EC0-301F-11D3-BF4B-00C04F79EFBC}") = "DnxSampleApi", "DnxSampleApi\DnxSampleApi.csproj", "{5239DD4D-93C6-42DA-905B-E4BEC21E3B98}"
EndProject
Global
	GlobalSection(SolutionConfigurationPlatforms) = preSolution
		Debug|Any CPU = Debug|Any CPU
		Release|Any CPU = Release|Any CPU
	EndGlobalSection
	GlobalSection(ProjectConfigurationPlatforms) = postSolution
		{EE5AD8A1-1E91-43C9-8382-3037D433F9F0}.Debug|Any CPU.ActiveCfg = Debug|Any CPU
		{EE5AD8A1-1E91-43C9-8382-3037D433F9F0}.Debug|Any CPU.Build.0 = Debug|Any CPU
		{EE5AD8A1-1E91-43C9-8382-3037D433F9F0}.Release|Any CPU.ActiveCfg = Release|Any CPU
		{EE5AD8A1-1E91-43C9-8382-3037D433F9F0}.Release|Any CPU.Build.0 = Release|Any CPU
		{24CAD5F7-BD65-4903-894A-EBDC9F4FC62C}.Debug|Any CPU.ActiveCfg = Debug|Any CPU
		{24CAD5F7-BD65-4903-894A-EBDC9F4FC62C}.Debug|Any CPU.Build.0 = Debug|Any CPU
		{24CAD5F7-BD65-4903-894A-EBDC9F4FC62C}.Release|Any CPU.ActiveCfg = Release|Any CPU
		{24CAD5F7-BD65-4903-894A-EBDC9F4FC62C}.Release|Any CPU.Build.0 = Release|Any CPU
		{5239DD4D-93C6-42DA-905B-E4BEC21E3B98}.Debug|Any CPU.ActiveCfg = Debug|Any CPU
		{5239DD4D-93C6-42DA-905B-E4BEC21E3B98}.Debug|Any CPU.Build.0 = Debug|Any CPU
		{5239DD4D-93C6-42DA-905B-E4BEC21E3B98}.Release|Any CPU.ActiveCfg = Release|Any CPU
		{5239DD4D-93C6-42DA-905B-E4BEC21E3B98}.Release|Any CPU.Build.0 = Release|Any CPU
	EndGlobalSection
	GlobalSection(SolutionProperties) = preSolution
		HideSolutionNode = FALSE
	EndGlobalSection
	GlobalSection(ExtensibilityGlobals) = postSolution
		SolutionGuid = {AC956A9C-9F9E-493F-91EE-AE90F0388098}
	EndGlobalSection
EndGlobal
